{
  "nodes": {
    "flakeNimbleLib": {
      "inputs": {
        "nixpkgs": [
          "nixpkgs"
        ]
      },
      "locked": {
        "lastModified": 1662018438,
        "narHash": "sha256-QtNtU6+LX3Wokxf0zlFwKTFOcn6TeDjKQZ+DA9OYtvM=",
        "owner": "riinr",
        "repo": "nim-flakes-lib",
        "rev": "b1fe8340736e3a85d25c709ac3dfd82a55c03cbf",
        "type": "github"
      },
      "original": {
        "owner": "riinr",
        "ref": "master",
        "repo": "nim-flakes-lib",
        "type": "github"
      }
    },
    "nixpkgs": {
      "locked": {
        "lastModified": 1667199707,
        "narHash": "sha256-I2Js3Y7gUyVSEXPULHlBoRek4Lh85vnevdS6mdvDNLI=",
        "owner": "NixOS",
        "repo": "nixpkgs",
        "rev": "ced197be72099edcfa68ebed8b87af7b04851f45",
        "type": "github"
      },
      "original": {
        "id": "nixpkgs",
        "type": "indirect"
      }
    },
    "root": {
      "inputs": {
        "flakeNimbleLib": "flakeNimbleLib",
        "nixpkgs": "nixpkgs",
        "src-classy-master": "src-classy-master"
      }
    },
    "src-classy-master": {
      "flake": false,
      "locked": {
        "lastModified": 1617282537,
        "narHash": "sha256-YcxKhCtetTncQLPzQIbNVjoueTx4aLmcoM9T/BhETa4=",
        "owner": "nigredo-tori",
        "repo": "classy",
        "rev": "2a4c5ec004ff58a63ad452255311624f86e3d3c9",
        "type": "github"
      },
      "original": {
        "owner": "nigredo-tori",
        "ref": "refs/heads/master",
        "repo": "classy",
        "type": "github"
      }
    }
  },
  "root": "root",
  "version": 7
}
